
Microsoft Visual Studio Solution File, Format Version 12.00
# Visual Studio 14
VisualStudioVersion = 14.0.25420.1
MinimumVisualStudioVersion = 10.0.40219.1
Project("{FAE04EC0-301F-11D3-BF4B-00C04F79EFBC}") = "GoogleSheetsIntegration", "GoogleSheetsIntegration\GoogleSheetsIntegration.csproj", "{68273DD9-27A7-4E17-8A5B-6E7249286B5F}"
EndProject
Project("{FAE04EC0-301F-11D3-BF4B-00C04F79EFBC}") = "GoogleSheetsIntegrationTests", "GoogleSheetsIntegrationTests\GoogleSheetsIntegrationTests.csproj", "{11FF76B9-0233-46CC-BE3E-BF15BF78AA4F}"
EndProject
Global
	GlobalSection(SolutionConfigurationPlatforms) = preSolution
		Debug|Any CPU = Debug|Any CPU
		Release|Any CPU = Release|Any CPU
	EndGlobalSection
	GlobalSection(ProjectConfigurationPlatforms) = postSolution
		{68273DD9-27A7-4E17-8A5B-6E7249286B5F}.Debug|Any CPU.ActiveCfg = Debug|Any CPU
		{68273DD9-27A7-4E17-8A5B-6E7249286B5F}.Debug|Any CPU.Build.0 = Debug|Any CPU
		{68273DD9-27A7-4E17-8A5B-6E7249286B5F}.Release|Any CPU.ActiveCfg = Release|Any CPU
		{68273DD9-27A7-4E17-8A5B-6E7249286B5F}.Release|Any CPU.Build.0 = Release|Any CPU
		{11FF76B9-0233-46CC-BE3E-BF15BF78AA4F}.Debug|Any CPU.ActiveCfg = Debug|Any CPU
		{11FF76B9-0233-46CC-BE3E-BF15BF78AA4F}.Debug|Any CPU.Build.0 = Debug|Any CPU
		{11FF76B9-0233-46CC-BE3E-BF15BF78AA4F}.Release|Any CPU.ActiveCfg = Release|Any CPU
		{11FF76B9-0233-46CC-BE3E-BF15BF78AA4F}.Release|Any CPU.Build.0 = Release|Any CPU
	EndGlobalSection
	GlobalSection(SolutionProperties) = preSolution
		HideSolutionNode = FALSE
	EndGlobalSection
	GlobalSection(ExtensibilityGlobals) = postSolution
		SolutionGuid = {1D73C49A-A613-4BC8-9895-D4EB27975BE4}
	EndGlobalSection
EndGlobal
